
Microsoft Visual Studio Solution File, Format Version 12.00
# Visual Studio Version 16
VisualStudioVersion = 16.0.31313.79
MinimumVisualStudioVersion = 10.0.40219.1
Project("{9A19103F-16F7-4668-BE54-9A1E7A4F7556}") = "VoxelMultiplayer", "VoxelMultiplayer\VoxelMultiplayer.csproj", "{BA292E8C-F7E3-4073-AA72-FD2DF4C58403}"
	ProjectSection(ProjectDependencies) = postProject
		{C24BFBFD-7195-4506-884F-05D30E7E949B} = {C24BFBFD-7195-4506-884F-05D30E7E949B}
	EndProjectSection
EndProject
Project("{9A19103F-16F7-4668-BE54-9A1E7A4F7556}") = "VoxelMultiplayer_Launcher", "VoxelMultiplayer_Launcher\VoxelMultiplayer_Launcher.csproj", "{C24BFBFD-7195-4506-884F-05D30E7E949B}"
EndProject
Project("{FAE04EC0-301F-11D3-BF4B-00C04F79EFBC}") = "Assembly-CSharp", "Assembly-CSharp\Assembly-CSharp.csproj", "{4CA3BB32-FFFF-4918-A613-406327EEE08D}"
EndProject
Project("{FAE04EC0-301F-11D3-BF4B-00C04F79EFBC}") = "Assembly-CSharp-firstpass", "Assembly-CSharp-firstpass\Assembly-CSharp-firstpass.csproj", "{6D12E236-BB66-47DC-9499-9D45E4FB67DB}"
EndProject
Project("{2150E333-8FDC-42A3-9474-1A3956D46DE8}") = "source", "source", "{FEFA2192-35B9-4D65-ABB2-9C271CD6959B}"
EndProject
Global
	GlobalSection(SolutionConfigurationPlatforms) = preSolution
		Debug|Any CPU = Debug|Any CPU
		Debug|x64 = Debug|x64
		Debug|x86 = Debug|x86
		Release|Any CPU = Release|Any CPU
		Release|x64 = Release|x64
		Release|x86 = Release|x86
	EndGlobalSection
	GlobalSection(ProjectConfigurationPlatforms) = postSolution
		{BA292E8C-F7E3-4073-AA72-FD2DF4C58403}.Debug|Any CPU.ActiveCfg = Debug|x64
		{BA292E8C-F7E3-4073-AA72-FD2DF4C58403}.Debug|x64.ActiveCfg = Debug|x64
		{BA292E8C-F7E3-4073-AA72-FD2DF4C58403}.Debug|x64.Build.0 = Debug|x64
		{BA292E8C-F7E3-4073-AA72-FD2DF4C58403}.Debug|x86.ActiveCfg = Debug|x64
		{BA292E8C-F7E3-4073-AA72-FD2DF4C58403}.Release|Any CPU.ActiveCfg = Release|x64
		{BA292E8C-F7E3-4073-AA72-FD2DF4C58403}.Release|x64.ActiveCfg = Release|x64
		{BA292E8C-F7E3-4073-AA72-FD2DF4C58403}.Release|x64.Build.0 = Release|x64
		{BA292E8C-F7E3-4073-AA72-FD2DF4C58403}.Release|x86.ActiveCfg = Release|x64
		{C24BFBFD-7195-4506-884F-05D30E7E949B}.Debug|Any CPU.ActiveCfg = Debug|x64
		{C24BFBFD-7195-4506-884F-05D30E7E949B}.Debug|x64.ActiveCfg = Debug|x64
		{C24BFBFD-7195-4506-884F-05D30E7E949B}.Debug|x64.Build.0 = Debug|x64
		{C24BFBFD-7195-4506-884F-05D30E7E949B}.Debug|x86.ActiveCfg = Debug|x64
		{C24BFBFD-7195-4506-884F-05D30E7E949B}.Release|Any CPU.ActiveCfg = Release|x64
		{C24BFBFD-7195-4506-884F-05D30E7E949B}.Release|x64.ActiveCfg = Release|x64
		{C24BFBFD-7195-4506-884F-05D30E7E949B}.Release|x64.Build.0 = Release|x64
		{C24BFBFD-7195-4506-884F-05D30E7E949B}.Release|x86.ActiveCfg = Release|x64
		{4CA3BB32-FFFF-4918-A613-406327EEE08D}.Debug|Any CPU.ActiveCfg = Debug|Any CPU
		{4CA3BB32-FFFF-4918-A613-406327EEE08D}.Debug|Any CPU.Build.0 = Debug|Any CPU
		{4CA3BB32-FFFF-4918-A613-406327EEE08D}.Debug|x64.ActiveCfg = Debug|Any CPU
		{4CA3BB32-FFFF-4918-A613-406327EEE08D}.Debug|x64.Build.0 = Debug|Any CPU
		{4CA3BB32-FFFF-4918-A613-406327EEE08D}.Debug|x86.ActiveCfg = Debug|Any CPU
		{4CA3BB32-FFFF-4918-A613-406327EEE08D}.Debug|x86.Build.0 = Debug|Any CPU
		{4CA3BB32-FFFF-4918-A613-406327EEE08D}.Release|Any CPU.ActiveCfg = Release|Any CPU
		{4CA3BB32-FFFF-4918-A613-406327EEE08D}.Release|Any CPU.Build.0 = Release|Any CPU
		{4CA3BB32-FFFF-4918-A613-406327EEE08D}.Release|x64.ActiveCfg = Release|Any CPU
		{4CA3BB32-FFFF-4918-A613-406327EEE08D}.Release|x64.Build.0 = Release|Any CPU
		{4CA3BB32-FFFF-4918-A613-406327EEE08D}.Release|x86.ActiveCfg = Release|Any CPU
		{4CA3BB32-FFFF-4918-A613-406327EEE08D}.Release|x86.Build.0 = Release|Any CPU
		{6D12E236-BB66-47DC-9499-9D45E4FB67DB}.Debug|Any CPU.ActiveCfg = Debug|Any CPU
		{6D12E236-BB66-47DC-9499-9D45E4FB67DB}.Debug|Any CPU.Build.0 = Debug|Any CPU
		{6D12E236-BB66-47DC-9499-9D45E4FB67DB}.Debug|x64.ActiveCfg = Debug|Any CPU
		{6D12E236-BB66-47DC-9499-9D45E4FB67DB}.Debug|x64.Build.0 = Debug|Any CPU
		{6D12E236-BB66-47DC-9499-9D45E4FB67DB}.Debug|x86.ActiveCfg = Debug|Any CPU
		{6D12E236-BB66-47DC-9499-9D45E4FB67DB}.Debug|x86.Build.0 = Debug|Any CPU
		{6D12E236-BB66-47DC-9499-9D45E4FB67DB}.Release|Any CPU.ActiveCfg = Release|Any CPU
		{6D12E236-BB66-47DC-9499-9D45E4FB67DB}.Release|Any CPU.Build.0 = Release|Any CPU
		{6D12E236-BB66-47DC-9499-9D45E4FB67DB}.Release|x64.ActiveCfg = Release|Any CPU
		{6D12E236-BB66-47DC-9499-9D45E4FB67DB}.Release|x64.Build.0 = Release|Any CPU
		{6D12E236-BB66-47DC-9499-9D45E4FB67DB}.Release|x86.ActiveCfg = Release|Any CPU
		{6D12E236-BB66-47DC-9499-9D45E4FB67DB}.Release|x86.Build.0 = Release|Any CPU
	EndGlobalSection
	GlobalSection(SolutionProperties) = preSolution
		HideSolutionNode = FALSE
	EndGlobalSection
	GlobalSection(NestedProjects) = preSolution
		{4CA3BB32-FFFF-4918-A613-406327EEE08D} = {FEFA2192-35B9-4D65-ABB2-9C271CD6959B}
		{6D12E236-BB66-47DC-9499-9D45E4FB67DB} = {FEFA2192-35B9-4D65-ABB2-9C271CD6959B}
	EndGlobalSection
	GlobalSection(ExtensibilityGlobals) = postSolution
		SolutionGuid = {4532BC34-F67E-438F-B5F3-72433F2250F7}
	EndGlobalSection
EndGlobal
